// !$*UTF8*$!
{
	archiveVersion = 1;
	classes = {
	};
	objectVersion = 46;
	objects = {

/* Begin PBXBuildFile section */
		764223DD20AB2B5E00637DEF /* Accengage.framework in Frameworks */ = {isa = PBXBuildFile; fileRef = 764223DC20AB2B5D00637DEF /* Accengage.framework */; };
		764223E120AB2BD000637DEF /* Accengage.framework in CopyFiles */ = {isa = PBXBuildFile; fileRef = 764223DC20AB2B5D00637DEF /* Accengage.framework */; settings = {ATTRIBUTES = (CodeSignOnCopy, RemoveHeadersOnCopy, ); }; };
		76C1DF9520B70AF50096A09E /* Localizable.strings in Resources */ = {isa = PBXBuildFile; fileRef = 76C1DF9020B708F40096A09E /* Localizable.strings */; };
		BD5971381F0A285400405EB7 /* UserNotifications.framework in Frameworks */ = {isa = PBXBuildFile; fileRef = FBE4BA261DAE8A0E005FE5AB /* UserNotifications.framework */; };
		BD59713A1F0A285400405EB7 /* UserNotificationsUI.framework in Frameworks */ = {isa = PBXBuildFile; fileRef = BD5971391F0A285400405EB7 /* UserNotificationsUI.framework */; };
		BD59713E1F0A285400405EB7 /* NotificationViewController.m in Sources */ = {isa = PBXBuildFile; fileRef = BD59713D1F0A285400405EB7 /* NotificationViewController.m */; };
		BD5971411F0A285400405EB7 /* MainInterface.storyboard in Resources */ = {isa = PBXBuildFile; fileRef = BD59713F1F0A285400405EB7 /* MainInterface.storyboard */; };
		BD5971451F0A285400405EB7 /* Carousel.appex in Embed App Extensions */ = {isa = PBXBuildFile; fileRef = BD5971371F0A285400405EB7 /* Carousel.appex */; settings = {ATTRIBUTES = (RemoveHeadersOnCopy, ); }; };
		BD5971491F0A294400405EB7 /* AccengageExtension.framework in Frameworks */ = {isa = PBXBuildFile; fileRef = FBD2DD721DE30E2300C7384B /* AccengageExtension.framework */; };
		FBD2DD741DE30E2300C7384B /* AccengageConfig.plist in Resources */ = {isa = PBXBuildFile; fileRef = FBD2DD711DE30E2300C7384B /* AccengageConfig.plist */; };
		FBD2DD781DE30E2E00C7384B /* AccengageExtension.framework in Frameworks */ = {isa = PBXBuildFile; fileRef = FBD2DD721DE30E2300C7384B /* AccengageExtension.framework */; };
		FBE4B9A71DAE7F3D005FE5AB /* main.m in Sources */ = {isa = PBXBuildFile; fileRef = FBE4B9A61DAE7F3D005FE5AB /* main.m */; };
		FBE4B9AA1DAE7F3D005FE5AB /* AppDelegate.m in Sources */ = {isa = PBXBuildFile; fileRef = FBE4B9A91DAE7F3D005FE5AB /* AppDelegate.m */; };
		FBE4B9B01DAE7F3D005FE5AB /* Main.storyboard in Resources */ = {isa = PBXBuildFile; fileRef = FBE4B9AE1DAE7F3D005FE5AB /* Main.storyboard */; };
		FBE4B9B21DAE7F3D005FE5AB /* Assets.xcassets in Resources */ = {isa = PBXBuildFile; fileRef = FBE4B9B11DAE7F3D005FE5AB /* Assets.xcassets */; };
		FBE4B9B51DAE7F3D005FE5AB /* LaunchScreen.storyboard in Resources */ = {isa = PBXBuildFile; fileRef = FBE4B9B31DAE7F3D005FE5AB /* LaunchScreen.storyboard */; };
		FBE4B9D31DAE80A1005FE5AB /* BaseTableViewController.m in Sources */ = {isa = PBXBuildFile; fileRef = FBE4B9BF1DAE80A1005FE5AB /* BaseTableViewController.m */; };
		FBE4B9D41DAE80A1005FE5AB /* BaseViewController.m in Sources */ = {isa = PBXBuildFile; fileRef = FBE4B9C11DAE80A1005FE5AB /* BaseViewController.m */; };
		FBE4B9D51DAE80A1005FE5AB /* InboxDetailsViewController.m in Sources */ = {isa = PBXBuildFile; fileRef = FBE4B9C41DAE80A1005FE5AB /* InboxDetailsViewController.m */; };
		FBE4B9D61DAE80A1005FE5AB /* InBoxMessageTableViewCell.m in Sources */ = {isa = PBXBuildFile; fileRef = FBE4B9C61DAE80A1005FE5AB /* InBoxMessageTableViewCell.m */; };
		FBE4B9D71DAE80A1005FE5AB /* InBoxViewController.m in Sources */ = {isa = PBXBuildFile; fileRef = FBE4B9C81DAE80A1005FE5AB /* InBoxViewController.m */; };
		FBE4B9D81DAE80A1005FE5AB /* MainViewController.m in Sources */ = {isa = PBXBuildFile; fileRef = FBE4B9CA1DAE80A1005FE5AB /* MainViewController.m */; };
		FBE4B9D91DAE80A1005FE5AB /* ProductsViewController.m in Sources */ = {isa = PBXBuildFile; fileRef = FBE4B9CC1DAE80A1005FE5AB /* ProductsViewController.m */; };
		FBE4B9DA1DAE80A1005FE5AB /* SettingsViewController.m in Sources */ = {isa = PBXBuildFile; fileRef = FBE4B9CE1DAE80A1005FE5AB /* SettingsViewController.m */; };
		FBE4B9DB1DAE80A1005FE5AB /* InboxTools.m in Sources */ = {isa = PBXBuildFile; fileRef = FBE4B9D01DAE80A1005FE5AB /* InboxTools.m */; };
		FBE4B9DC1DAE80A1005FE5AB /* SampleHelpers.m in Sources */ = {isa = PBXBuildFile; fileRef = FBE4B9D21DAE80A1005FE5AB /* SampleHelpers.m */; };
		FBE4B9FA1DAE816C005FE5AB /* SCLAlertView.m in Sources */ = {isa = PBXBuildFile; fileRef = FBE4B9E71DAE816C005FE5AB /* SCLAlertView.m */; };
		FBE4B9FB1DAE816C005FE5AB /* SCLAlertViewResponder.m in Sources */ = {isa = PBXBuildFile; fileRef = FBE4B9E91DAE816C005FE5AB /* SCLAlertViewResponder.m */; };
		FBE4B9FC1DAE816C005FE5AB /* SCLAlertViewStyleKit.m in Sources */ = {isa = PBXBuildFile; fileRef = FBE4B9EB1DAE816C005FE5AB /* SCLAlertViewStyleKit.m */; };
		FBE4B9FD1DAE816C005FE5AB /* SCLButton.m in Sources */ = {isa = PBXBuildFile; fileRef = FBE4B9ED1DAE816C005FE5AB /* SCLButton.m */; };
		FBE4B9FE1DAE816C005FE5AB /* SCLSwitchView.m in Sources */ = {isa = PBXBuildFile; fileRef = FBE4B9F01DAE816C005FE5AB /* SCLSwitchView.m */; };
		FBE4B9FF1DAE816C005FE5AB /* SCLTextView.m in Sources */ = {isa = PBXBuildFile; fileRef = FBE4B9F21DAE816C005FE5AB /* SCLTextView.m */; };
		FBE4BA001DAE816C005FE5AB /* SCLTimerDisplay.m in Sources */ = {isa = PBXBuildFile; fileRef = FBE4B9F41DAE816C005FE5AB /* SCLTimerDisplay.m */; };
		FBE4BA011DAE816C005FE5AB /* UIImage+ImageEffects.m in Sources */ = {isa = PBXBuildFile; fileRef = FBE4B9F61DAE816C005FE5AB /* UIImage+ImageEffects.m */; };
		FBE4BA101DAE86C6005FE5AB /* NotificationService.m in Sources */ = {isa = PBXBuildFile; fileRef = FBE4BA0F1DAE86C6005FE5AB /* NotificationService.m */; };
		FBE4BA141DAE86C6005FE5AB /* NoticationServiceSample.appex in Embed App Extensions */ = {isa = PBXBuildFile; fileRef = FBE4BA0C1DAE86C6005FE5AB /* NoticationServiceSample.appex */; settings = {ATTRIBUTES = (RemoveHeadersOnCopy, ); }; };
		FBE4BA321DAE8A60005FE5AB /* UserNotifications.framework in Frameworks */ = {isa = PBXBuildFile; fileRef = FBE4BA261DAE8A0E005FE5AB /* UserNotifications.framework */; };
/* End PBXBuildFile section */

/* Begin PBXContainerItemProxy section */
		BD5971431F0A285400405EB7 /* PBXContainerItemProxy */ = {
			isa = PBXContainerItemProxy;
			containerPortal = FBE4B99A1DAE7F3D005FE5AB /* Project object */;
			proxyType = 1;
			remoteGlobalIDString = BD5971361F0A285400405EB7;
			remoteInfo = Carousel;
		};
		FBE4BA121DAE86C6005FE5AB /* PBXContainerItemProxy */ = {
			isa = PBXContainerItemProxy;
			containerPortal = FBE4B99A1DAE7F3D005FE5AB /* Project object */;
			proxyType = 1;
			remoteGlobalIDString = FBE4BA0B1DAE86C6005FE5AB;
			remoteInfo = NoticationServiceSample;
		};
/* End PBXContainerItemProxy section */

/* Begin PBXCopyFilesBuildPhase section */
		764223E020AB2BC300637DEF /* CopyFiles */ = {
			isa = PBXCopyFilesBuildPhase;
			buildActionMask = 2147483647;
			dstPath = "";
			dstSubfolderSpec = 10;
			files = (
				764223E120AB2BD000637DEF /* Accengage.framework in CopyFiles */,
			);
			runOnlyForDeploymentPostprocessing = 0;
		};
		FB448CF91E3A3E65003871E1 /* Embed Frameworks */ = {
			isa = PBXCopyFilesBuildPhase;
			buildActionMask = 2147483647;
			dstPath = "";
			dstSubfolderSpec = 10;
			files = (
			);
			name = "Embed Frameworks";
			runOnlyForDeploymentPostprocessing = 0;
		};
		FBE4BA181DAE86C6005FE5AB /* Embed App Extensions */ = {
			isa = PBXCopyFilesBuildPhase;
			buildActionMask = 2147483647;
			dstPath = "";
			dstSubfolderSpec = 13;
			files = (
				BD5971451F0A285400405EB7 /* Carousel.appex in Embed App Extensions */,
				FBE4BA141DAE86C6005FE5AB /* NoticationServiceSample.appex in Embed App Extensions */,
			);
			name = "Embed App Extensions";
			runOnlyForDeploymentPostprocessing = 0;
		};
/* End PBXCopyFilesBuildPhase section */

/* Begin PBXFileReference section */
		764223DC20AB2B5D00637DEF /* Accengage.framework */ = {isa = PBXFileReference; lastKnownFileType = wrapper.framework; path = Accengage.framework; sourceTree = "<group>"; };
		76C1DF8F20B708F40096A09E /* en */ = {isa = PBXFileReference; lastKnownFileType = text.plist.strings; name = en; path = en.lproj/Localizable.strings; sourceTree = "<group>"; };
		76C1DF9120B708F90096A09E /* fr */ = {isa = PBXFileReference; lastKnownFileType = text.plist.strings; name = fr; path = fr.lproj/Localizable.strings; sourceTree = "<group>"; };
		BD5971371F0A285400405EB7 /* Carousel.appex */ = {isa = PBXFileReference; explicitFileType = "wrapper.app-extension"; includeInIndex = 0; path = Carousel.appex; sourceTree = BUILT_PRODUCTS_DIR; };
		BD5971391F0A285400405EB7 /* UserNotificationsUI.framework */ = {isa = PBXFileReference; lastKnownFileType = wrapper.framework; name = UserNotificationsUI.framework; path = System/Library/Frameworks/UserNotificationsUI.framework; sourceTree = SDKROOT; };
		BD59713C1F0A285400405EB7 /* NotificationViewController.h */ = {isa = PBXFileReference; lastKnownFileType = sourcecode.c.h; path = NotificationViewController.h; sourceTree = "<group>"; };
		BD59713D1F0A285400405EB7 /* NotificationViewController.m */ = {isa = PBXFileReference; lastKnownFileType = sourcecode.c.objc; path = NotificationViewController.m; sourceTree = "<group>"; };
		BD5971401F0A285400405EB7 /* Base */ = {isa = PBXFileReference; lastKnownFileType = file.storyboard; name = Base; path = Base.lproj/MainInterface.storyboard; sourceTree = "<group>"; };
		BD5971421F0A285400405EB7 /* Info.plist */ = {isa = PBXFileReference; lastKnownFileType = text.plist.xml; path = Info.plist; sourceTree = "<group>"; };
		FBD2DD711DE30E2300C7384B /* AccengageConfig.plist */ = {isa = PBXFileReference; fileEncoding = 4; lastKnownFileType = text.plist.xml; path = AccengageConfig.plist; sourceTree = "<group>"; };
		FBD2DD721DE30E2300C7384B /* AccengageExtension.framework */ = {isa = PBXFileReference; lastKnownFileType = wrapper.framework; path = AccengageExtension.framework; sourceTree = "<group>"; };
		FBE4B9A21DAE7F3D005FE5AB /* ACCSample.app */ = {isa = PBXFileReference; explicitFileType = wrapper.application; includeInIndex = 0; path = ACCSample.app; sourceTree = BUILT_PRODUCTS_DIR; };
		FBE4B9A61DAE7F3D005FE5AB /* main.m */ = {isa = PBXFileReference; lastKnownFileType = sourcecode.c.objc; path = main.m; sourceTree = "<group>"; };
		FBE4B9A81DAE7F3D005FE5AB /* AppDelegate.h */ = {isa = PBXFileReference; lastKnownFileType = sourcecode.c.h; path = AppDelegate.h; sourceTree = "<group>"; };
		FBE4B9A91DAE7F3D005FE5AB /* AppDelegate.m */ = {isa = PBXFileReference; lastKnownFileType = sourcecode.c.objc; path = AppDelegate.m; sourceTree = "<group>"; };
		FBE4B9AF1DAE7F3D005FE5AB /* Base */ = {isa = PBXFileReference; lastKnownFileType = file.storyboard; name = Base; path = Base.lproj/Main.storyboard; sourceTree = "<group>"; };
		FBE4B9B11DAE7F3D005FE5AB /* Assets.xcassets */ = {isa = PBXFileReference; lastKnownFileType = folder.assetcatalog; path = Assets.xcassets; sourceTree = "<group>"; };
		FBE4B9B41DAE7F3D005FE5AB /* Base */ = {isa = PBXFileReference; lastKnownFileType = file.storyboard; name = Base; path = Base.lproj/LaunchScreen.storyboard; sourceTree = "<group>"; };
		FBE4B9B61DAE7F3D005FE5AB /* Info.plist */ = {isa = PBXFileReference; lastKnownFileType = text.plist.xml; path = Info.plist; sourceTree = "<group>"; };
		FBE4B9BC1DAE80A1005FE5AB /* AccengageSampleObjc-Prefix.pch */ = {isa = PBXFileReference; fileEncoding = 4; lastKnownFileType = sourcecode.c.h; path = "AccengageSampleObjc-Prefix.pch"; sourceTree = "<group>"; };
		FBE4B9BE1DAE80A1005FE5AB /* BaseTableViewController.h */ = {isa = PBXFileReference; fileEncoding = 4; lastKnownFileType = sourcecode.c.h; path = BaseTableViewController.h; sourceTree = "<group>"; };
		FBE4B9BF1DAE80A1005FE5AB /* BaseTableViewController.m */ = {isa = PBXFileReference; fileEncoding = 4; lastKnownFileType = sourcecode.c.objc; path = BaseTableViewController.m; sourceTree = "<group>"; };
		FBE4B9C01DAE80A1005FE5AB /* BaseViewController.h */ = {isa = PBXFileReference; fileEncoding = 4; lastKnownFileType = sourcecode.c.h; path = BaseViewController.h; sourceTree = "<group>"; };
		FBE4B9C11DAE80A1005FE5AB /* BaseViewController.m */ = {isa = PBXFileReference; fileEncoding = 4; lastKnownFileType = sourcecode.c.objc; path = BaseViewController.m; sourceTree = "<group>"; };
		FBE4B9C31DAE80A1005FE5AB /* InboxDetailsViewController.h */ = {isa = PBXFileReference; fileEncoding = 4; lastKnownFileType = sourcecode.c.h; path = InboxDetailsViewController.h; sourceTree = "<group>"; };
		FBE4B9C41DAE80A1005FE5AB /* InboxDetailsViewController.m */ = {isa = PBXFileReference; fileEncoding = 4; lastKnownFileType = sourcecode.c.objc; path = InboxDetailsViewController.m; sourceTree = "<group>"; };
		FBE4B9C51DAE80A1005FE5AB /* InBoxMessageTableViewCell.h */ = {isa = PBXFileReference; fileEncoding = 4; lastKnownFileType = sourcecode.c.h; name = InBoxMessageTableViewCell.h; path = Controllers/Inbox/InBoxMessageTableViewCell.h; sourceTree = "<group>"; };
		FBE4B9C61DAE80A1005FE5AB /* InBoxMessageTableViewCell.m */ = {isa = PBXFileReference; fileEncoding = 4; lastKnownFileType = sourcecode.c.objc; name = InBoxMessageTableViewCell.m; path = Controllers/Inbox/InBoxMessageTableViewCell.m; sourceTree = "<group>"; };
		FBE4B9C71DAE80A1005FE5AB /* InBoxViewController.h */ = {isa = PBXFileReference; fileEncoding = 4; lastKnownFileType = sourcecode.c.h; path = InBoxViewController.h; sourceTree = "<group>"; };
		FBE4B9C81DAE80A1005FE5AB /* InBoxViewController.m */ = {isa = PBXFileReference; fileEncoding = 4; lastKnownFileType = sourcecode.c.objc; path = InBoxViewController.m; sourceTree = "<group>"; };
		FBE4B9C91DAE80A1005FE5AB /* MainViewController.h */ = {isa = PBXFileReference; fileEncoding = 4; lastKnownFileType = sourcecode.c.h; path = MainViewController.h; sourceTree = "<group>"; };
		FBE4B9CA1DAE80A1005FE5AB /* MainViewController.m */ = {isa = PBXFileReference; fileEncoding = 4; lastKnownFileType = sourcecode.c.objc; path = MainViewController.m; sourceTree = "<group>"; };
		FBE4B9CB1DAE80A1005FE5AB /* ProductsViewController.h */ = {isa = PBXFileReference; fileEncoding = 4; lastKnownFileType = sourcecode.c.h; path = ProductsViewController.h; sourceTree = "<group>"; };
		FBE4B9CC1DAE80A1005FE5AB /* ProductsViewController.m */ = {isa = PBXFileReference; fileEncoding = 4; lastKnownFileType = sourcecode.c.objc; path = ProductsViewController.m; sourceTree = "<group>"; };
		FBE4B9CD1DAE80A1005FE5AB /* SettingsViewController.h */ = {isa = PBXFileReference; fileEncoding = 4; lastKnownFileType = sourcecode.c.h; path = SettingsViewController.h; sourceTree = "<group>"; };
		FBE4B9CE1DAE80A1005FE5AB /* SettingsViewController.m */ = {isa = PBXFileReference; fileEncoding = 4; lastKnownFileType = sourcecode.c.objc; path = SettingsViewController.m; sourceTree = "<group>"; };
		FBE4B9CF1DAE80A1005FE5AB /* InboxTools.h */ = {isa = PBXFileReference; fileEncoding = 4; lastKnownFileType = sourcecode.c.h; path = InboxTools.h; sourceTree = "<group>"; };
		FBE4B9D01DAE80A1005FE5AB /* InboxTools.m */ = {isa = PBXFileReference; fileEncoding = 4; lastKnownFileType = sourcecode.c.objc; path = InboxTools.m; sourceTree = "<group>"; };
		FBE4B9D11DAE80A1005FE5AB /* SampleHelpers.h */ = {isa = PBXFileReference; fileEncoding = 4; lastKnownFileType = sourcecode.c.h; path = SampleHelpers.h; sourceTree = "<group>"; };
		FBE4B9D21DAE80A1005FE5AB /* SampleHelpers.m */ = {isa = PBXFileReference; fileEncoding = 4; lastKnownFileType = sourcecode.c.objc; path = SampleHelpers.m; sourceTree = "<group>"; };
		FBE4B9E61DAE816C005FE5AB /* SCLAlertView.h */ = {isa = PBXFileReference; fileEncoding = 4; lastKnownFileType = sourcecode.c.h; path = SCLAlertView.h; sourceTree = "<group>"; };
		FBE4B9E71DAE816C005FE5AB /* SCLAlertView.m */ = {isa = PBXFileReference; fileEncoding = 4; lastKnownFileType = sourcecode.c.objc; path = SCLAlertView.m; sourceTree = "<group>"; };
		FBE4B9E81DAE816C005FE5AB /* SCLAlertViewResponder.h */ = {isa = PBXFileReference; fileEncoding = 4; lastKnownFileType = sourcecode.c.h; path = SCLAlertViewResponder.h; sourceTree = "<group>"; };
		FBE4B9E91DAE816C005FE5AB /* SCLAlertViewResponder.m */ = {isa = PBXFileReference; fileEncoding = 4; lastKnownFileType = sourcecode.c.objc; path = SCLAlertViewResponder.m; sourceTree = "<group>"; };
		FBE4B9EA1DAE816C005FE5AB /* SCLAlertViewStyleKit.h */ = {isa = PBXFileReference; fileEncoding = 4; lastKnownFileType = sourcecode.c.h; path = SCLAlertViewStyleKit.h; sourceTree = "<group>"; };
		FBE4B9EB1DAE816C005FE5AB /* SCLAlertViewStyleKit.m */ = {isa = PBXFileReference; fileEncoding = 4; lastKnownFileType = sourcecode.c.objc; path = SCLAlertViewStyleKit.m; sourceTree = "<group>"; };
		FBE4B9EC1DAE816C005FE5AB /* SCLButton.h */ = {isa = PBXFileReference; fileEncoding = 4; lastKnownFileType = sourcecode.c.h; path = SCLButton.h; sourceTree = "<group>"; };
		FBE4B9ED1DAE816C005FE5AB /* SCLButton.m */ = {isa = PBXFileReference; fileEncoding = 4; lastKnownFileType = sourcecode.c.objc; path = SCLButton.m; sourceTree = "<group>"; };
		FBE4B9EE1DAE816C005FE5AB /* SCLMacros.h */ = {isa = PBXFileReference; fileEncoding = 4; lastKnownFileType = sourcecode.c.h; path = SCLMacros.h; sourceTree = "<group>"; };
		FBE4B9EF1DAE816C005FE5AB /* SCLSwitchView.h */ = {isa = PBXFileReference; fileEncoding = 4; lastKnownFileType = sourcecode.c.h; path = SCLSwitchView.h; sourceTree = "<group>"; };
		FBE4B9F01DAE816C005FE5AB /* SCLSwitchView.m */ = {isa = PBXFileReference; fileEncoding = 4; lastKnownFileType = sourcecode.c.objc; path = SCLSwitchView.m; sourceTree = "<group>"; };
		FBE4B9F11DAE816C005FE5AB /* SCLTextView.h */ = {isa = PBXFileReference; fileEncoding = 4; lastKnownFileType = sourcecode.c.h; path = SCLTextView.h; sourceTree = "<group>"; };
		FBE4B9F21DAE816C005FE5AB /* SCLTextView.m */ = {isa = PBXFileReference; fileEncoding = 4; lastKnownFileType = sourcecode.c.objc; path = SCLTextView.m; sourceTree = "<group>"; };
		FBE4B9F31DAE816C005FE5AB /* SCLTimerDisplay.h */ = {isa = PBXFileReference; fileEncoding = 4; lastKnownFileType = sourcecode.c.h; path = SCLTimerDisplay.h; sourceTree = "<group>"; };
		FBE4B9F41DAE816C005FE5AB /* SCLTimerDisplay.m */ = {isa = PBXFileReference; fileEncoding = 4; lastKnownFileType = sourcecode.c.objc; path = SCLTimerDisplay.m; sourceTree = "<group>"; };
		FBE4B9F51DAE816C005FE5AB /* UIImage+ImageEffects.h */ = {isa = PBXFileReference; fileEncoding = 4; lastKnownFileType = sourcecode.c.h; path = "UIImage+ImageEffects.h"; sourceTree = "<group>"; };
		FBE4B9F61DAE816C005FE5AB /* UIImage+ImageEffects.m */ = {isa = PBXFileReference; fileEncoding = 4; lastKnownFileType = sourcecode.c.objc; path = "UIImage+ImageEffects.m"; sourceTree = "<group>"; };
		FBE4BA031DAE81B3005FE5AB /* AdSupport.framework */ = {isa = PBXFileReference; lastKnownFileType = wrapper.framework; name = AdSupport.framework; path = System/Library/Frameworks/AdSupport.framework; sourceTree = SDKROOT; };
		FBE4BA071DAE841E005FE5AB /* AccengageSampleObjc.entitlements */ = {isa = PBXFileReference; lastKnownFileType = text.plist.entitlements; path = AccengageSampleObjc.entitlements; sourceTree = "<group>"; };
		FBE4BA0C1DAE86C6005FE5AB /* NoticationServiceSample.appex */ = {isa = PBXFileReference; explicitFileType = "wrapper.app-extension"; includeInIndex = 0; path = NoticationServiceSample.appex; sourceTree = BUILT_PRODUCTS_DIR; };
		FBE4BA0E1DAE86C6005FE5AB /* NotificationService.h */ = {isa = PBXFileReference; lastKnownFileType = sourcecode.c.h; path = NotificationService.h; sourceTree = "<group>"; };
		FBE4BA0F1DAE86C6005FE5AB /* NotificationService.m */ = {isa = PBXFileReference; lastKnownFileType = sourcecode.c.objc; path = NotificationService.m; sourceTree = "<group>"; };
		FBE4BA111DAE86C6005FE5AB /* Info.plist */ = {isa = PBXFileReference; lastKnownFileType = text.plist.xml; path = Info.plist; sourceTree = "<group>"; };
		FBE4BA1C1DAE89DD005FE5AB /* iAd.framework */ = {isa = PBXFileReference; lastKnownFileType = wrapper.framework; name = iAd.framework; path = System/Library/Frameworks/iAd.framework; sourceTree = SDKROOT; };
		FBE4BA1E1DAE89FB005FE5AB /* CoreGraphics.framework */ = {isa = PBXFileReference; lastKnownFileType = wrapper.framework; name = CoreGraphics.framework; path = System/Library/Frameworks/CoreGraphics.framework; sourceTree = SDKROOT; };
		FBE4BA201DAE8A00005FE5AB /* CoreLocation.framework */ = {isa = PBXFileReference; lastKnownFileType = wrapper.framework; name = CoreLocation.framework; path = System/Library/Frameworks/CoreLocation.framework; sourceTree = SDKROOT; };
		FBE4BA221DAE8A04005FE5AB /* Foundation.framework */ = {isa = PBXFileReference; lastKnownFileType = wrapper.framework; name = Foundation.framework; path = System/Library/Frameworks/Foundation.framework; sourceTree = SDKROOT; };
		FBE4BA241DAE8A08005FE5AB /* UIKit.framework */ = {isa = PBXFileReference; lastKnownFileType = wrapper.framework; name = UIKit.framework; path = System/Library/Frameworks/UIKit.framework; sourceTree = SDKROOT; };
		FBE4BA261DAE8A0E005FE5AB /* UserNotifications.framework */ = {isa = PBXFileReference; lastKnownFileType = wrapper.framework; name = UserNotifications.framework; path = System/Library/Frameworks/UserNotifications.framework; sourceTree = SDKROOT; };
		FBE4BA281DAE8A14005FE5AB /* SystemConfiguration.framework */ = {isa = PBXFileReference; lastKnownFileType = wrapper.framework; name = SystemConfiguration.framework; path = System/Library/Frameworks/SystemConfiguration.framework; sourceTree = SDKROOT; };
		FBE4BA2A1DAE8A19005FE5AB /* CoreTelephony.framework */ = {isa = PBXFileReference; lastKnownFileType = wrapper.framework; name = CoreTelephony.framework; path = System/Library/Frameworks/CoreTelephony.framework; sourceTree = SDKROOT; };
		FBE4BA2C1DAE8A1D005FE5AB /* CFNetwork.framework */ = {isa = PBXFileReference; lastKnownFileType = wrapper.framework; name = CFNetwork.framework; path = System/Library/Frameworks/CFNetwork.framework; sourceTree = SDKROOT; };
		FBE4BA2E1DAE8A21005FE5AB /* libz.tbd */ = {isa = PBXFileReference; lastKnownFileType = "sourcecode.text-based-dylib-definition"; name = libz.tbd; path = usr/lib/libz.tbd; sourceTree = SDKROOT; };
		FBE4BA301DAE8A25005FE5AB /* libsqlite3.tbd */ = {isa = PBXFileReference; lastKnownFileType = "sourcecode.text-based-dylib-definition"; name = libsqlite3.tbd; path = usr/lib/libsqlite3.tbd; sourceTree = SDKROOT; };
/* End PBXFileReference section */

/* Begin PBXFrameworksBuildPhase section */
		BD5971341F0A285400405EB7 /* Frameworks */ = {
			isa = PBXFrameworksBuildPhase;
			buildActionMask = 2147483647;
			files = (
				BD59713A1F0A285400405EB7 /* UserNotificationsUI.framework in Frameworks */,
				BD5971381F0A285400405EB7 /* UserNotifications.framework in Frameworks */,
				BD5971491F0A294400405EB7 /* AccengageExtension.framework in Frameworks */,
			);
			runOnlyForDeploymentPostprocessing = 0;
		};
		FBE4B99F1DAE7F3D005FE5AB /* Frameworks */ = {
			isa = PBXFrameworksBuildPhase;
			buildActionMask = 2147483647;
			files = (
				764223DD20AB2B5E00637DEF /* Accengage.framework in Frameworks */,
			);
			runOnlyForDeploymentPostprocessing = 0;
		};
		FBE4BA091DAE86C6005FE5AB /* Frameworks */ = {
			isa = PBXFrameworksBuildPhase;
			buildActionMask = 2147483647;
			files = (
				FBE4BA321DAE8A60005FE5AB /* UserNotifications.framework in Frameworks */,
				FBD2DD781DE30E2E00C7384B /* AccengageExtension.framework in Frameworks */,
			);
			runOnlyForDeploymentPostprocessing = 0;
		};
/* End PBXFrameworksBuildPhase section */

/* Begin PBXGroup section */
		BD59713B1F0A285400405EB7 /* Carousel */ = {
			isa = PBXGroup;
			children = (
				BD59713C1F0A285400405EB7 /* NotificationViewController.h */,
				BD59713D1F0A285400405EB7 /* NotificationViewController.m */,
				BD59713F1F0A285400405EB7 /* MainInterface.storyboard */,
				BD5971421F0A285400405EB7 /* Info.plist */,
			);
			path = Carousel;
			sourceTree = "<group>";
		};
		FBD2DD6F1DE30E2300C7384B /* Accengage */ = {
			isa = PBXGroup;
			children = (
				764223DC20AB2B5D00637DEF /* Accengage.framework */,
				FBD2DD711DE30E2300C7384B /* AccengageConfig.plist */,
				FBD2DD721DE30E2300C7384B /* AccengageExtension.framework */,
			);
			name = Accengage;
			path = ../../Accengage;
			sourceTree = "<group>";
		};
		FBE4B9991DAE7F3D005FE5AB = {
			isa = PBXGroup;
			children = (
				FBE4B9E01DAE816C005FE5AB /* Vendors */,
				FBE4B9A41DAE7F3D005FE5AB /* AccengageSampleObjc */,
				FBE4BA0D1DAE86C6005FE5AB /* NoticationServiceSample */,
				BD59713B1F0A285400405EB7 /* Carousel */,
				FBE4B9A31DAE7F3D005FE5AB /* Products */,
				FBE4BA021DAE81B3005FE5AB /* Frameworks */,
			);
			sourceTree = "<group>";
		};
		FBE4B9A31DAE7F3D005FE5AB /* Products */ = {
			isa = PBXGroup;
			children = (
				FBE4B9A21DAE7F3D005FE5AB /* ACCSample.app */,
				FBE4BA0C1DAE86C6005FE5AB /* NoticationServiceSample.appex */,
				BD5971371F0A285400405EB7 /* Carousel.appex */,
			);
			name = Products;
			sourceTree = "<group>";
		};
		FBE4B9A41DAE7F3D005FE5AB /* AccengageSampleObjc */ = {
			isa = PBXGroup;
			children = (
				FBE4BA071DAE841E005FE5AB /* AccengageSampleObjc.entitlements */,
				FBE4B9DF1DAE8126005FE5AB /* Models */,
				FBE4B9DE1DAE811C005FE5AB /* Views */,
				FBE4B9BD1DAE80A1005FE5AB /* Controllers */,
				FBE4B9A81DAE7F3D005FE5AB /* AppDelegate.h */,
				FBE4B9A91DAE7F3D005FE5AB /* AppDelegate.m */,
				FBE4B9AE1DAE7F3D005FE5AB /* Main.storyboard */,
				FBE4B9B11DAE7F3D005FE5AB /* Assets.xcassets */,
				FBE4B9B31DAE7F3D005FE5AB /* LaunchScreen.storyboard */,
				FBE4B9A51DAE7F3D005FE5AB /* Supporting Files */,
			);
			path = AccengageSampleObjc;
			sourceTree = "<group>";
		};
		FBE4B9A51DAE7F3D005FE5AB /* Supporting Files */ = {
			isa = PBXGroup;
			children = (
				76C1DF9020B708F40096A09E /* Localizable.strings */,
				FBE4B9BC1DAE80A1005FE5AB /* AccengageSampleObjc-Prefix.pch */,
				FBE4B9B61DAE7F3D005FE5AB /* Info.plist */,
				FBE4B9A61DAE7F3D005FE5AB /* main.m */,
			);
			name = "Supporting Files";
			sourceTree = "<group>";
		};
		FBE4B9BD1DAE80A1005FE5AB /* Controllers */ = {
			isa = PBXGroup;
			children = (
				FBE4B9C21DAE80A1005FE5AB /* Inbox */,
				FBE4B9DD1DAE8102005FE5AB /* Base */,
				FBE4B9C91DAE80A1005FE5AB /* MainViewController.h */,
				FBE4B9CA1DAE80A1005FE5AB /* MainViewController.m */,
				FBE4B9CB1DAE80A1005FE5AB /* ProductsViewController.h */,
				FBE4B9CC1DAE80A1005FE5AB /* ProductsViewController.m */,
				FBE4B9CD1DAE80A1005FE5AB /* SettingsViewController.h */,
				FBE4B9CE1DAE80A1005FE5AB /* SettingsViewController.m */,
			);
			path = Controllers;
			sourceTree = "<group>";
		};
		FBE4B9C21DAE80A1005FE5AB /* Inbox */ = {
			isa = PBXGroup;
			children = (
				FBE4B9C31DAE80A1005FE5AB /* InboxDetailsViewController.h */,
				FBE4B9C41DAE80A1005FE5AB /* InboxDetailsViewController.m */,
				FBE4B9C71DAE80A1005FE5AB /* InBoxViewController.h */,
				FBE4B9C81DAE80A1005FE5AB /* InBoxViewController.m */,
			);
			path = Inbox;
			sourceTree = "<group>";
		};
		FBE4B9DD1DAE8102005FE5AB /* Base */ = {
			isa = PBXGroup;
			children = (
				FBE4B9C11DAE80A1005FE5AB /* BaseViewController.m */,
				FBE4B9BE1DAE80A1005FE5AB /* BaseTableViewController.h */,
				FBE4B9BF1DAE80A1005FE5AB /* BaseTableViewController.m */,
				FBE4B9C01DAE80A1005FE5AB /* BaseViewController.h */,
			);
			name = Base;
			sourceTree = "<group>";
		};
		FBE4B9DE1DAE811C005FE5AB /* Views */ = {
			isa = PBXGroup;
			children = (
				FBE4B9C51DAE80A1005FE5AB /* InBoxMessageTableViewCell.h */,
				FBE4B9C61DAE80A1005FE5AB /* InBoxMessageTableViewCell.m */,
			);
			name = Views;
			sourceTree = "<group>";
		};
		FBE4B9DF1DAE8126005FE5AB /* Models */ = {
			isa = PBXGroup;
			children = (
				FBE4B9CF1DAE80A1005FE5AB /* InboxTools.h */,
				FBE4B9D01DAE80A1005FE5AB /* InboxTools.m */,
				FBE4B9D11DAE80A1005FE5AB /* SampleHelpers.h */,
				FBE4B9D21DAE80A1005FE5AB /* SampleHelpers.m */,
			);
			name = Models;
			sourceTree = "<group>";
		};
		FBE4B9E01DAE816C005FE5AB /* Vendors */ = {
			isa = PBXGroup;
			children = (
				FBD2DD6F1DE30E2300C7384B /* Accengage */,
				FBE4B9E51DAE816C005FE5AB /* SCLAlertView */,
			);
			name = Vendors;
			path = Vendor;
			sourceTree = SOURCE_ROOT;
		};
		FBE4B9E51DAE816C005FE5AB /* SCLAlertView */ = {
			isa = PBXGroup;
			children = (
				FBE4B9E61DAE816C005FE5AB /* SCLAlertView.h */,
				FBE4B9E71DAE816C005FE5AB /* SCLAlertView.m */,
				FBE4B9E81DAE816C005FE5AB /* SCLAlertViewResponder.h */,
				FBE4B9E91DAE816C005FE5AB /* SCLAlertViewResponder.m */,
				FBE4B9EA1DAE816C005FE5AB /* SCLAlertViewStyleKit.h */,
				FBE4B9EB1DAE816C005FE5AB /* SCLAlertViewStyleKit.m */,
				FBE4B9EC1DAE816C005FE5AB /* SCLButton.h */,
				FBE4B9ED1DAE816C005FE5AB /* SCLButton.m */,
				FBE4B9EE1DAE816C005FE5AB /* SCLMacros.h */,
				FBE4B9EF1DAE816C005FE5AB /* SCLSwitchView.h */,
				FBE4B9F01DAE816C005FE5AB /* SCLSwitchView.m */,
				FBE4B9F11DAE816C005FE5AB /* SCLTextView.h */,
				FBE4B9F21DAE816C005FE5AB /* SCLTextView.m */,
				FBE4B9F31DAE816C005FE5AB /* SCLTimerDisplay.h */,
				FBE4B9F41DAE816C005FE5AB /* SCLTimerDisplay.m */,
				FBE4B9F51DAE816C005FE5AB /* UIImage+ImageEffects.h */,
				FBE4B9F61DAE816C005FE5AB /* UIImage+ImageEffects.m */,
			);
			path = SCLAlertView;
			sourceTree = "<group>";
		};
		FBE4BA021DAE81B3005FE5AB /* Frameworks */ = {
			isa = PBXGroup;
			children = (
				FBE4BA301DAE8A25005FE5AB /* libsqlite3.tbd */,
				FBE4BA2E1DAE8A21005FE5AB /* libz.tbd */,
				FBE4BA2C1DAE8A1D005FE5AB /* CFNetwork.framework */,
				FBE4BA2A1DAE8A19005FE5AB /* CoreTelephony.framework */,
				FBE4BA281DAE8A14005FE5AB /* SystemConfiguration.framework */,
				FBE4BA261DAE8A0E005FE5AB /* UserNotifications.framework */,
				FBE4BA241DAE8A08005FE5AB /* UIKit.framework */,
				FBE4BA221DAE8A04005FE5AB /* Foundation.framework */,
				FBE4BA201DAE8A00005FE5AB /* CoreLocation.framework */,
				FBE4BA1E1DAE89FB005FE5AB /* CoreGraphics.framework */,
				FBE4BA1C1DAE89DD005FE5AB /* iAd.framework */,
				FBE4BA031DAE81B3005FE5AB /* AdSupport.framework */,
				BD5971391F0A285400405EB7 /* UserNotificationsUI.framework */,
			);
			name = Frameworks;
			sourceTree = "<group>";
		};
		FBE4BA0D1DAE86C6005FE5AB /* NoticationServiceSample */ = {
			isa = PBXGroup;
			children = (
				FBE4BA0E1DAE86C6005FE5AB /* NotificationService.h */,
				FBE4BA0F1DAE86C6005FE5AB /* NotificationService.m */,
				FBE4BA111DAE86C6005FE5AB /* Info.plist */,
			);
			path = NoticationServiceSample;
			sourceTree = "<group>";
		};
/* End PBXGroup section */

/* Begin PBXNativeTarget section */
		BD5971361F0A285400405EB7 /* Carousel */ = {
			isa = PBXNativeTarget;
			buildConfigurationList = BD5971461F0A285400405EB7 /* Build configuration list for PBXNativeTarget "Carousel" */;
			buildPhases = (
				BD5971331F0A285400405EB7 /* Sources */,
				BD5971341F0A285400405EB7 /* Frameworks */,
				BD5971351F0A285400405EB7 /* Resources */,
			);
			buildRules = (
			);
			dependencies = (
			);
			name = Carousel;
			productName = Carousel;
			productReference = BD5971371F0A285400405EB7 /* Carousel.appex */;
			productType = "com.apple.product-type.app-extension";
		};
		FBE4B9A11DAE7F3D005FE5AB /* AccengageSampleObjc */ = {
			isa = PBXNativeTarget;
			buildConfigurationList = FBE4B9B91DAE7F3D005FE5AB /* Build configuration list for PBXNativeTarget "AccengageSampleObjc" */;
			buildPhases = (
				FBE4B99E1DAE7F3D005FE5AB /* Sources */,
				FBE4B99F1DAE7F3D005FE5AB /* Frameworks */,
				FBE4B9A01DAE7F3D005FE5AB /* Resources */,
				FBE4BA181DAE86C6005FE5AB /* Embed App Extensions */,
				FB448CF91E3A3E65003871E1 /* Embed Frameworks */,
				764223E020AB2BC300637DEF /* CopyFiles */,
				764223E220AB2BE200637DEF /* ShellScript */,
			);
			buildRules = (
			);
			dependencies = (
				FBE4BA131DAE86C6005FE5AB /* PBXTargetDependency */,
				BD5971441F0A285400405EB7 /* PBXTargetDependency */,
			);
			name = AccengageSampleObjc;
			productName = AccengageSampleObjc;
			productReference = FBE4B9A21DAE7F3D005FE5AB /* ACCSample.app */;
			productType = "com.apple.product-type.application";
		};
		FBE4BA0B1DAE86C6005FE5AB /* NoticationServiceSample */ = {
			isa = PBXNativeTarget;
			buildConfigurationList = FBE4BA151DAE86C6005FE5AB /* Build configuration list for PBXNativeTarget "NoticationServiceSample" */;
			buildPhases = (
				FBE4BA081DAE86C6005FE5AB /* Sources */,
				FBE4BA091DAE86C6005FE5AB /* Frameworks */,
				FBE4BA0A1DAE86C6005FE5AB /* Resources */,
			);
			buildRules = (
			);
			dependencies = (
			);
			name = NoticationServiceSample;
			productName = NoticationServiceSample;
			productReference = FBE4BA0C1DAE86C6005FE5AB /* NoticationServiceSample.appex */;
			productType = "com.apple.product-type.app-extension";
		};
/* End PBXNativeTarget section */

/* Begin PBXProject section */
		FBE4B99A1DAE7F3D005FE5AB /* Project object */ = {
			isa = PBXProject;
			attributes = {
				LastUpgradeCheck = 0800;
				ORGANIZATIONNAME = "Yassir Barchi";
				TargetAttributes = {
					BD5971361F0A285400405EB7 = {
						CreatedOnToolsVersion = 8.3;
						DevelopmentTeam = Z56W3DXA37;
						ProvisioningStyle = Automatic;
					};
					FBE4B9A11DAE7F3D005FE5AB = {
						CreatedOnToolsVersion = 8.0;
						DevelopmentTeam = Z56W3DXA37;
						ProvisioningStyle = Automatic;
						SystemCapabilities = {
							com.apple.BackgroundModes = {
								enabled = 1;
							};
							com.apple.Push = {
								enabled = 1;
							};
						};
					};
					FBE4BA0B1DAE86C6005FE5AB = {
						CreatedOnToolsVersion = 8.0;
						DevelopmentTeam = Z56W3DXA37;
						ProvisioningStyle = Automatic;
					};
				};
			};
			buildConfigurationList = FBE4B99D1DAE7F3D005FE5AB /* Build configuration list for PBXProject "AccengageSampleObjc" */;
			compatibilityVersion = "Xcode 3.2";
			developmentRegion = English;
			hasScannedForEncodings = 0;
			knownRegions = (
				en,
				Base,
				fr,
			);
			mainGroup = FBE4B9991DAE7F3D005FE5AB;
			productRefGroup = FBE4B9A31DAE7F3D005FE5AB /* Products */;
			projectDirPath = "";
			projectRoot = "";
			targets = (
				FBE4B9A11DAE7F3D005FE5AB /* AccengageSampleObjc */,
				FBE4BA0B1DAE86C6005FE5AB /* NoticationServiceSample */,
				BD5971361F0A285400405EB7 /* Carousel */,
			);
		};
/* End PBXProject section */

/* Begin PBXResourcesBuildPhase section */
		BD5971351F0A285400405EB7 /* Resources */ = {
			isa = PBXResourcesBuildPhase;
			buildActionMask = 2147483647;
			files = (
				BD5971411F0A285400405EB7 /* MainInterface.storyboard in Resources */,
			);
			runOnlyForDeploymentPostprocessing = 0;
		};
		FBE4B9A01DAE7F3D005FE5AB /* Resources */ = {
			isa = PBXResourcesBuildPhase;
			buildActionMask = 2147483647;
			files = (
				76C1DF9520B70AF50096A09E /* Localizable.strings in Resources */,
				FBE4B9B51DAE7F3D005FE5AB /* LaunchScreen.storyboard in Resources */,
				FBE4B9B21DAE7F3D005FE5AB /* Assets.xcassets in Resources */,
				FBE4B9B01DAE7F3D005FE5AB /* Main.storyboard in Resources */,
				FBD2DD741DE30E2300C7384B /* AccengageConfig.plist in Resources */,
			);
			runOnlyForDeploymentPostprocessing = 0;
		};
		FBE4BA0A1DAE86C6005FE5AB /* Resources */ = {
			isa = PBXResourcesBuildPhase;
			buildActionMask = 2147483647;
			files = (
			);
			runOnlyForDeploymentPostprocessing = 0;
		};
/* End PBXResourcesBuildPhase section */

/* Begin PBXShellScriptBuildPhase section */
		764223E220AB2BE200637DEF /* ShellScript */ = {
			isa = PBXShellScriptBuildPhase;
			buildActionMask = 2147483647;
			files = (
			);
			inputPaths = (
			);
			outputPaths = (
			);
			runOnlyForDeploymentPostprocessing = 0;
			shellPath = /bin/sh;
			shellScript = "FRAMEWORKS_DIRECTORY=\"${BUILT_PRODUCTS_DIR}/${FRAMEWORKS_FOLDER_PATH}\"\n\nfind \"$FRAMEWORKS_DIRECTORY\" -name 'Accengage*.framework' -type d | while read -r framework\ndo\nframework_name=`basename \"$framework\"`\nframework_binary_path=$framework\"/${framework_name%.*}\"\n\narchs=\"$(lipo -info \"${framework_binary_path}\" | rev | cut -d ':' -f1 | rev)\"\nstripped=\"\"\nfor arch in $archs; do\nif ! [[ \"${VALID_ARCHS}\" == *\"$arch\"* ]]; then\nlipo -remove \"$arch\" -output \"$framework_binary_path\" \"$framework_binary_path\" || exit 1\nstripped=\"$stripped $arch\"\nfi\ndone\nif [[ \"$stripped\" != \"\" ]]; then\necho \"Stripped $framework_binary_path of architectures:$stripped\"\nif [ \"${CODE_SIGNING_REQUIRED}\" == \"YES\" ]; then\n/usr/bin/codesign --force --sign ${EXPANDED_CODE_SIGN_IDENTITY} --preserve-metadata=identifier,entitlements \"${framework_binary_path}\"\nfi\nfi\ndone\n";
		};
/* End PBXShellScriptBuildPhase section */

/* Begin PBXSourcesBuildPhase section */
		BD5971331F0A285400405EB7 /* Sources */ = {
			isa = PBXSourcesBuildPhase;
			buildActionMask = 2147483647;
			files = (
				BD59713E1F0A285400405EB7 /* NotificationViewController.m in Sources */,
			);
			runOnlyForDeploymentPostprocessing = 0;
		};
		FBE4B99E1DAE7F3D005FE5AB /* Sources */ = {
			isa = PBXSourcesBuildPhase;
			buildActionMask = 2147483647;
			files = (
				FBE4B9AA1DAE7F3D005FE5AB /* AppDelegate.m in Sources */,
				FBE4B9FB1DAE816C005FE5AB /* SCLAlertViewResponder.m in Sources */,
				FBE4B9D71DAE80A1005FE5AB /* InBoxViewController.m in Sources */,
				FBE4B9D41DAE80A1005FE5AB /* BaseViewController.m in Sources */,
				FBE4B9FD1DAE816C005FE5AB /* SCLButton.m in Sources */,
				FBE4B9D81DAE80A1005FE5AB /* MainViewController.m in Sources */,
				FBE4B9FC1DAE816C005FE5AB /* SCLAlertViewStyleKit.m in Sources */,
				FBE4B9DB1DAE80A1005FE5AB /* InboxTools.m in Sources */,
				FBE4B9FF1DAE816C005FE5AB /* SCLTextView.m in Sources */,
				FBE4B9FE1DAE816C005FE5AB /* SCLSwitchView.m in Sources */,
				FBE4B9D61DAE80A1005FE5AB /* InBoxMessageTableViewCell.m in Sources */,
				FBE4B9FA1DAE816C005FE5AB /* SCLAlertView.m in Sources */,
				FBE4B9D31DAE80A1005FE5AB /* BaseTableViewController.m in Sources */,
				FBE4BA001DAE816C005FE5AB /* SCLTimerDisplay.m in Sources */,
				FBE4B9DC1DAE80A1005FE5AB /* SampleHelpers.m in Sources */,
				FBE4B9D51DAE80A1005FE5AB /* InboxDetailsViewController.m in Sources */,
				FBE4BA011DAE816C005FE5AB /* UIImage+ImageEffects.m in Sources */,
				FBE4B9DA1DAE80A1005FE5AB /* SettingsViewController.m in Sources */,
				FBE4B9D91DAE80A1005FE5AB /* ProductsViewController.m in Sources */,
				FBE4B9A71DAE7F3D005FE5AB /* main.m in Sources */,
			);
			runOnlyForDeploymentPostprocessing = 0;
		};
		FBE4BA081DAE86C6005FE5AB /* Sources */ = {
			isa = PBXSourcesBuildPhase;
			buildActionMask = 2147483647;
			files = (
				FBE4BA101DAE86C6005FE5AB /* NotificationService.m in Sources */,
			);
			runOnlyForDeploymentPostprocessing = 0;
		};
/* End PBXSourcesBuildPhase section */

/* Begin PBXTargetDependency section */
		BD5971441F0A285400405EB7 /* PBXTargetDependency */ = {
			isa = PBXTargetDependency;
			target = BD5971361F0A285400405EB7 /* Carousel */;
			targetProxy = BD5971431F0A285400405EB7 /* PBXContainerItemProxy */;
		};
		FBE4BA131DAE86C6005FE5AB /* PBXTargetDependency */ = {
			isa = PBXTargetDependency;
			target = FBE4BA0B1DAE86C6005FE5AB /* NoticationServiceSample */;
			targetProxy = FBE4BA121DAE86C6005FE5AB /* PBXContainerItemProxy */;
		};
/* End PBXTargetDependency section */

/* Begin PBXVariantGroup section */
		76C1DF9020B708F40096A09E /* Localizable.strings */ = {
			isa = PBXVariantGroup;
			children = (
				76C1DF8F20B708F40096A09E /* en */,
				76C1DF9120B708F90096A09E /* fr */,
			);
			name = Localizable.strings;
			sourceTree = "<group>";
		};
		BD59713F1F0A285400405EB7 /* MainInterface.storyboard */ = {
			isa = PBXVariantGroup;
			children = (
				BD5971401F0A285400405EB7 /* Base */,
			);
			name = MainInterface.storyboard;
			sourceTree = "<group>";
		};
		FBE4B9AE1DAE7F3D005FE5AB /* Main.storyboard */ = {
			isa = PBXVariantGroup;
			children = (
				FBE4B9AF1DAE7F3D005FE5AB /* Base */,
			);
			name = Main.storyboard;
			sourceTree = "<group>";
		};
		FBE4B9B31DAE7F3D005FE5AB /* LaunchScreen.storyboard */ = {
			isa = PBXVariantGroup;
			children = (
				FBE4B9B41DAE7F3D005FE5AB /* Base */,
			);
			name = LaunchScreen.storyboard;
			sourceTree = "<group>";
		};
/* End PBXVariantGroup section */

/* Begin XCBuildConfiguration section */
		BD5971471F0A285400405EB7 /* Debug */ = {
			isa = XCBuildConfiguration;
			buildSettings = {
				CLANG_ANALYZER_NUMBER_OBJECT_CONVERSION = YES_AGGRESSIVE;
				CLANG_WARN_SUSPICIOUS_MOVE = YES;
				DEVELOPMENT_TEAM = Z56W3DXA37;
				FRAMEWORK_SEARCH_PATHS = (
					"$(inherited)",
					"$(PROJECT_DIR)/../**",
				);
				INFOPLIST_FILE = Carousel/Info.plist;
				IPHONEOS_DEPLOYMENT_TARGET = 10.0;
				LD_RUNPATH_SEARCH_PATHS = "$(inherited) @executable_path/Frameworks @executable_path/../../Frameworks";
				PRODUCT_BUNDLE_IDENTIFIER = com.accengage.ios.sample.objc.Carousel;
				PRODUCT_NAME = "$(TARGET_NAME)";
				SKIP_INSTALL = YES;
			};
			name = Debug;
		};
		BD5971481F0A285400405EB7 /* Release */ = {
			isa = XCBuildConfiguration;
			buildSettings = {
				CLANG_ANALYZER_NUMBER_OBJECT_CONVERSION = YES_AGGRESSIVE;
				CLANG_WARN_SUSPICIOUS_MOVE = YES;
				DEVELOPMENT_TEAM = Z56W3DXA37;
				FRAMEWORK_SEARCH_PATHS = (
					"$(inherited)",
					"$(PROJECT_DIR)/../**",
				);
				INFOPLIST_FILE = Carousel/Info.plist;
				IPHONEOS_DEPLOYMENT_TARGET = 10.0;
				LD_RUNPATH_SEARCH_PATHS = "$(inherited) @executable_path/Frameworks @executable_path/../../Frameworks";
				PRODUCT_BUNDLE_IDENTIFIER = com.accengage.ios.sample.objc.Carousel;
				PRODUCT_NAME = "$(TARGET_NAME)";
				SKIP_INSTALL = YES;
			};
			name = Release;
		};
		FBE4B9B71DAE7F3D005FE5AB /* Debug */ = {
			isa = XCBuildConfiguration;
			buildSettings = {
				ALWAYS_SEARCH_USER_PATHS = NO;
				CLANG_ANALYZER_NONNULL = YES;
				CLANG_CXX_LANGUAGE_STANDARD = "gnu++0x";
				CLANG_CXX_LIBRARY = "libc++";
				CLANG_ENABLE_MODULES = YES;
				CLANG_ENABLE_OBJC_ARC = YES;
				CLANG_WARN_BOOL_CONVERSION = YES;
				CLANG_WARN_CONSTANT_CONVERSION = YES;
				CLANG_WARN_DIRECT_OBJC_ISA_USAGE = YES_ERROR;
				CLANG_WARN_DOCUMENTATION_COMMENTS = YES;
				CLANG_WARN_EMPTY_BODY = YES;
				CLANG_WARN_ENUM_CONVERSION = YES;
				CLANG_WARN_INFINITE_RECURSION = YES;
				CLANG_WARN_INT_CONVERSION = YES;
				CLANG_WARN_OBJC_ROOT_CLASS = YES_ERROR;
				CLANG_WARN_SUSPICIOUS_MOVES = YES;
				CLANG_WARN_UNREACHABLE_CODE = YES;
				CLANG_WARN__DUPLICATE_METHOD_MATCH = YES;
				"CODE_SIGN_IDENTITY[sdk=iphoneos*]" = "iPhone Developer";
				COPY_PHASE_STRIP = NO;
				DEBUG_INFORMATION_FORMAT = dwarf;
				ENABLE_STRICT_OBJC_MSGSEND = YES;
				ENABLE_TESTABILITY = YES;
				GCC_C_LANGUAGE_STANDARD = gnu99;
				GCC_DYNAMIC_NO_PIC = NO;
				GCC_NO_COMMON_BLOCKS = YES;
				GCC_OPTIMIZATION_LEVEL = 0;
				GCC_PREPROCESSOR_DEFINITIONS = (
					"DEBUG=1",
					"$(inherited)",
				);
				GCC_WARN_64_TO_32_BIT_CONVERSION = YES;
				GCC_WARN_ABOUT_RETURN_TYPE = YES_ERROR;
				GCC_WARN_UNDECLARED_SELECTOR = YES;
				GCC_WARN_UNINITIALIZED_AUTOS = YES_AGGRESSIVE;
				GCC_WARN_UNUSED_FUNCTION = YES;
				GCC_WARN_UNUSED_VARIABLE = YES;
				IPHONEOS_DEPLOYMENT_TARGET = 10.0;
				MTL_ENABLE_DEBUG_INFO = YES;
				ONLY_ACTIVE_ARCH = YES;
				SDKROOT = iphoneos;
				TARGETED_DEVICE_FAMILY = "1,2";
			};
			name = Debug;
		};
		FBE4B9B81DAE7F3D005FE5AB /* Release */ = {
			isa = XCBuildConfiguration;
			buildSettings = {
				ALWAYS_SEARCH_USER_PATHS = NO;
				CLANG_ANALYZER_NONNULL = YES;
				CLANG_CXX_LANGUAGE_STANDARD = "gnu++0x";
				CLANG_CXX_LIBRARY = "libc++";
				CLANG_ENABLE_MODULES = YES;
				CLANG_ENABLE_OBJC_ARC = YES;
				CLANG_WARN_BOOL_CONVERSION = YES;
				CLANG_WARN_CONSTANT_CONVERSION = YES;
				CLANG_WARN_DIRECT_OBJC_ISA_USAGE = YES_ERROR;
				CLANG_WARN_DOCUMENTATION_COMMENTS = YES;
				CLANG_WARN_EMPTY_BODY = YES;
				CLANG_WARN_ENUM_CONVERSION = YES;
				CLANG_WARN_INFINITE_RECURSION = YES;
				CLANG_WARN_INT_CONVERSION = YES;
				CLANG_WARN_OBJC_ROOT_CLASS = YES_ERROR;
				CLANG_WARN_SUSPICIOUS_MOVES = YES;
				CLANG_WARN_UNREACHABLE_CODE = YES;
				CLANG_WARN__DUPLICATE_METHOD_MATCH = YES;
				"CODE_SIGN_IDENTITY[sdk=iphoneos*]" = "iPhone Developer";
				COPY_PHASE_STRIP = NO;
				DEBUG_INFORMATION_FORMAT = "dwarf-with-dsym";
				ENABLE_NS_ASSERTIONS = NO;
				ENABLE_STRICT_OBJC_MSGSEND = YES;
				GCC_C_LANGUAGE_STANDARD = gnu99;
				GCC_NO_COMMON_BLOCKS = YES;
				GCC_WARN_64_TO_32_BIT_CONVERSION = YES;
				GCC_WARN_ABOUT_RETURN_TYPE = YES_ERROR;
				GCC_WARN_UNDECLARED_SELECTOR = YES;
				GCC_WARN_UNINITIALIZED_AUTOS = YES_AGGRESSIVE;
				GCC_WARN_UNUSED_FUNCTION = YES;
				GCC_WARN_UNUSED_VARIABLE = YES;
				IPHONEOS_DEPLOYMENT_TARGET = 10.0;
				MTL_ENABLE_DEBUG_INFO = NO;
				SDKROOT = iphoneos;
				TARGETED_DEVICE_FAMILY = "1,2";
				VALIDATE_PRODUCT = YES;
			};
			name = Release;
		};
		FBE4B9BA1DAE7F3D005FE5AB /* Debug */ = {
			isa = XCBuildConfiguration;
			buildSettings = {
				ASSETCATALOG_COMPILER_APPICON_NAME = AppIcon;
				CLANG_WARN_DOCUMENTATION_COMMENTS = NO;
				CODE_SIGN_ENTITLEMENTS = AccengageSampleObjc/AccengageSampleObjc.entitlements;
				DEVELOPMENT_TEAM = Z56W3DXA37;
				FRAMEWORK_SEARCH_PATHS = (
					"$(inherited)",
					"$(PROJECT_DIR)/../**",
				);
				GCC_PREFIX_HEADER = "AccengageSampleObjc/AccengageSampleObjc-Prefix.pch";
				INFOPLIST_FILE = AccengageSampleObjc/Info.plist;
				IPHONEOS_DEPLOYMENT_TARGET = 8.0;
				LD_RUNPATH_SEARCH_PATHS = "$(inherited) @executable_path/Frameworks";
				PRODUCT_BUNDLE_IDENTIFIER = com.accengage.ios.sample.objc;
				PRODUCT_NAME = ACCSample;
			};
			name = Debug;
		};
		FBE4B9BB1DAE7F3D005FE5AB /* Release */ = {
			isa = XCBuildConfiguration;
			buildSettings = {
				ASSETCATALOG_COMPILER_APPICON_NAME = AppIcon;
				CLANG_WARN_DOCUMENTATION_COMMENTS = NO;
				CODE_SIGN_ENTITLEMENTS = AccengageSampleObjc/AccengageSampleObjc.entitlements;
				DEVELOPMENT_TEAM = Z56W3DXA37;
				FRAMEWORK_SEARCH_PATHS = (
					"$(inherited)",
					"$(PROJECT_DIR)/../**",
				);
				GCC_PREFIX_HEADER = "AccengageSampleObjc/AccengageSampleObjc-Prefix.pch";
				INFOPLIST_FILE = AccengageSampleObjc/Info.plist;
				IPHONEOS_DEPLOYMENT_TARGET = 8.0;
				LD_RUNPATH_SEARCH_PATHS = "$(inherited) @executable_path/Frameworks";
				PRODUCT_BUNDLE_IDENTIFIER = com.accengage.ios.sample.objc;
				PRODUCT_NAME = ACCSample;
			};
			name = Release;
		};
		FBE4BA161DAE86C6005FE5AB /* Debug */ = {
			isa = XCBuildConfiguration;
			buildSettings = {
				DEVELOPMENT_TEAM = Z56W3DXA37;
				FRAMEWORK_SEARCH_PATHS = (
					"$(inherited)",
					"$(PROJECT_DIR)/../**",
				);
				INFOPLIST_FILE = NoticationServiceSample/Info.plist;
				LD_RUNPATH_SEARCH_PATHS = "$(inherited) @executable_path/Frameworks @executable_path/../../Frameworks";
				PRODUCT_BUNDLE_IDENTIFIER = com.accengage.ios.sample.objc.notication.service;
				PRODUCT_NAME = "$(TARGET_NAME)";
				SKIP_INSTALL = YES;
			};
			name = Debug;
		};
		FBE4BA171DAE86C6005FE5AB /* Release */ = {
			isa = XCBuildConfiguration;
			buildSettings = {
				DEVELOPMENT_TEAM = Z56W3DXA37;
				FRAMEWORK_SEARCH_PATHS = (
					"$(inherited)",
					"$(PROJECT_DIR)/../**",
				);
				INFOPLIST_FILE = NoticationServiceSample/Info.plist;
				LD_RUNPATH_SEARCH_PATHS = "$(inherited) @executable_path/Frameworks @executable_path/../../Frameworks";
				PRODUCT_BUNDLE_IDENTIFIER = com.accengage.ios.sample.objc.notication.service;
				PRODUCT_NAME = "$(TARGET_NAME)";
				SKIP_INSTALL = YES;
			};
			name = Release;
		};
/* End XCBuildConfiguration section */

/* Begin XCConfigurationList section */
		BD5971461F0A285400405EB7 /* Build configuration list for PBXNativeTarget "Carousel" */ = {
			isa = XCConfigurationList;
			buildConfigurations = (
				BD5971471F0A285400405EB7 /* Debug */,
				BD5971481F0A285400405EB7 /* Release */,
			);
			defaultConfigurationIsVisible = 0;
			defaultConfigurationName = Release;
		};
		FBE4B99D1DAE7F3D005FE5AB /* Build configuration list for PBXProject "AccengageSampleObjc" */ = {
			isa = XCConfigurationList;
			buildConfigurations = (
				FBE4B9B71DAE7F3D005FE5AB /* Debug */,
				FBE4B9B81DAE7F3D005FE5AB /* Release */,
			);
			defaultConfigurationIsVisible = 0;
			defaultConfigurationName = Release;
		};
		FBE4B9B91DAE7F3D005FE5AB /* Build configuration list for PBXNativeTarget "AccengageSampleObjc" */ = {
			isa = XCConfigurationList;
			buildConfigurations = (
				FBE4B9BA1DAE7F3D005FE5AB /* Debug */,
				FBE4B9BB1DAE7F3D005FE5AB /* Release */,
			);
			defaultConfigurationIsVisible = 0;
			defaultConfigurationName = Release;
		};
		FBE4BA151DAE86C6005FE5AB /* Build configuration list for PBXNativeTarget "NoticationServiceSample" */ = {
			isa = XCConfigurationList;
			buildConfigurations = (
				FBE4BA161DAE86C6005FE5AB /* Debug */,
				FBE4BA171DAE86C6005FE5AB /* Release */,
			);
			defaultConfigurationIsVisible = 0;
			defaultConfigurationName = Release;
		};
/* End XCConfigurationList section */
	};
	rootObject = FBE4B99A1DAE7F3D005FE5AB /* Project object */;
}
